
Microsoft Visual Studio Solution File, Format Version 12.00
# Visual Studio Version 16
VisualStudioVersion = 16.0.28705.295
MinimumVisualStudioVersion = 10.0.40219.1
Project("{FAE04EC0-301F-11D3-BF4B-00C04F79EFBC}") = "FTPFilerMobile.Android", "FTPFilerMobile\FTPFilerMobile.Android\FTPFilerMobile.Android.csproj", "{F1251C6E-1061-4D94-91B6-A486D436F55E}"
EndProject
Project("{FAE04EC0-301F-11D3-BF4B-00C04F79EFBC}") = "FTPFilerMobile.iOS", "FTPFilerMobile\FTPFilerMobile.iOS\FTPFilerMobile.iOS.csproj", "{1B8FC4ED-BD51-408D-B435-C16DEC07735F}"
EndProject
Project("{FAE04EC0-301F-11D3-BF4B-00C04F79EFBC}") = "FTPFilerMobile", "FTPFilerMobile\FTPFilerMobile\FTPFilerMobile.csproj", "{AC97C4DA-10D8-446D-9226-D49C39F1BFEC}"
EndProject
Global
	GlobalSection(SolutionConfigurationPlatforms) = preSolution
		Debug|Any CPU = Debug|Any CPU
		Debug|iPhone = Debug|iPhone
		Debug|iPhoneSimulator = Debug|iPhoneSimulator
		Release|Any CPU = Release|Any CPU
		Release|iPhone = Release|iPhone
		Release|iPhoneSimulator = Release|iPhoneSimulator
	EndGlobalSection
	GlobalSection(ProjectConfigurationPlatforms) = postSolution
		{F1251C6E-1061-4D94-91B6-A486D436F55E}.Debug|Any CPU.ActiveCfg = Debug|Any CPU
		{F1251C6E-1061-4D94-91B6-A486D436F55E}.Debug|Any CPU.Build.0 = Debug|Any CPU
		{F1251C6E-1061-4D94-91B6-A486D436F55E}.Debug|Any CPU.Deploy.0 = Debug|Any CPU
		{F1251C6E-1061-4D94-91B6-A486D436F55E}.Debug|iPhone.ActiveCfg = Debug|Any CPU
		{F1251C6E-1061-4D94-91B6-A486D436F55E}.Debug|iPhone.Build.0 = Debug|Any CPU
		{F1251C6E-1061-4D94-91B6-A486D436F55E}.Debug|iPhone.Deploy.0 = Debug|Any CPU
		{F1251C6E-1061-4D94-91B6-A486D436F55E}.Debug|iPhoneSimulator.ActiveCfg = Debug|Any CPU
		{F1251C6E-1061-4D94-91B6-A486D436F55E}.Debug|iPhoneSimulator.Build.0 = Debug|Any CPU
		{F1251C6E-1061-4D94-91B6-A486D436F55E}.Debug|iPhoneSimulator.Deploy.0 = Debug|Any CPU
		{F1251C6E-1061-4D94-91B6-A486D436F55E}.Release|Any CPU.ActiveCfg = Release|Any CPU
		{F1251C6E-1061-4D94-91B6-A486D436F55E}.Release|Any CPU.Build.0 = Release|Any CPU
		{F1251C6E-1061-4D94-91B6-A486D436F55E}.Release|Any CPU.Deploy.0 = Release|Any CPU
		{F1251C6E-1061-4D94-91B6-A486D436F55E}.Release|iPhone.ActiveCfg = Release|Any CPU
		{F1251C6E-1061-4D94-91B6-A486D436F55E}.Release|iPhone.Build.0 = Release|Any CPU
		{F1251C6E-1061-4D94-91B6-A486D436F55E}.Release|iPhone.Deploy.0 = Release|Any CPU
		{F1251C6E-1061-4D94-91B6-A486D436F55E}.Release|iPhoneSimulator.ActiveCfg = Release|Any CPU
		{F1251C6E-1061-4D94-91B6-A486D436F55E}.Release|iPhoneSimulator.Build.0 = Release|Any CPU
		{F1251C6E-1061-4D94-91B6-A486D436F55E}.Release|iPhoneSimulator.Deploy.0 = Release|Any CPU
		{1B8FC4ED-BD51-408D-B435-C16DEC07735F}.Debug|Any CPU.ActiveCfg = Debug|iPhoneSimulator
		{1B8FC4ED-BD51-408D-B435-C16DEC07735F}.Debug|Any CPU.Build.0 = Debug|iPhoneSimulator
		{1B8FC4ED-BD51-408D-B435-C16DEC07735F}.Debug|Any CPU.Deploy.0 = Debug|iPhoneSimulator
		{1B8FC4ED-BD51-408D-B435-C16DEC07735F}.Debug|iPhone.ActiveCfg = Debug|iPhone
		{1B8FC4ED-BD51-408D-B435-C16DEC07735F}.Debug|iPhone.Build.0 = Debug|iPhone
		{1B8FC4ED-BD51-408D-B435-C16DEC07735F}.Debug|iPhone.Deploy.0 = Debug|iPhone
		{1B8FC4ED-BD51-408D-B435-C16DEC07735F}.Debug|iPhoneSimulator.ActiveCfg = Debug|iPhoneSimulator
		{1B8FC4ED-BD51-408D-B435-C16DEC07735F}.Debug|iPhoneSimulator.Build.0 = Debug|iPhoneSimulator
		{1B8FC4ED-BD51-408D-B435-C16DEC07735F}.Debug|iPhoneSimulator.Deploy.0 = Debug|iPhoneSimulator
		{1B8FC4ED-BD51-408D-B435-C16DEC07735F}.Release|Any CPU.ActiveCfg = Release|iPhone
		{1B8FC4ED-BD51-408D-B435-C16DEC07735F}.Release|Any CPU.Build.0 = Release|iPhone
		{1B8FC4ED-BD51-408D-B435-C16DEC07735F}.Release|Any CPU.Deploy.0 = Release|iPhone
		{1B8FC4ED-BD51-408D-B435-C16DEC07735F}.Release|iPhone.ActiveCfg = Release|iPhone
		{1B8FC4ED-BD51-408D-B435-C16DEC07735F}.Release|iPhone.Build.0 = Release|iPhone
		{1B8FC4ED-BD51-408D-B435-C16DEC07735F}.Release|iPhone.Deploy.0 = Release|iPhone
		{1B8FC4ED-BD51-408D-B435-C16DEC07735F}.Release|iPhoneSimulator.ActiveCfg = Release|iPhoneSimulator
		{1B8FC4ED-BD51-408D-B435-C16DEC07735F}.Release|iPhoneSimulator.Build.0 = Release|iPhoneSimulator
		{1B8FC4ED-BD51-408D-B435-C16DEC07735F}.Release|iPhoneSimulator.Deploy.0 = Release|iPhoneSimulator
		{AC97C4DA-10D8-446D-9226-D49C39F1BFEC}.Debug|Any CPU.ActiveCfg = Debug|Any CPU
		{AC97C4DA-10D8-446D-9226-D49C39F1BFEC}.Debug|Any CPU.Build.0 = Debug|Any CPU
		{AC97C4DA-10D8-446D-9226-D49C39F1BFEC}.Debug|Any CPU.Deploy.0 = Debug|Any CPU
		{AC97C4DA-10D8-446D-9226-D49C39F1BFEC}.Debug|iPhone.ActiveCfg = Debug|Any CPU
		{AC97C4DA-10D8-446D-9226-D49C39F1BFEC}.Debug|iPhone.Build.0 = Debug|Any CPU
		{AC97C4DA-10D8-446D-9226-D49C39F1BFEC}.Debug|iPhone.Deploy.0 = Debug|Any CPU
		{AC97C4DA-10D8-446D-9226-D49C39F1BFEC}.Debug|iPhoneSimulator.ActiveCfg = Debug|Any CPU
		{AC97C4DA-10D8-446D-9226-D49C39F1BFEC}.Debug|iPhoneSimulator.Build.0 = Debug|Any CPU
		{AC97C4DA-10D8-446D-9226-D49C39F1BFEC}.Debug|iPhoneSimulator.Deploy.0 = Debug|Any CPU
		{AC97C4DA-10D8-446D-9226-D49C39F1BFEC}.Release|Any CPU.ActiveCfg = Release|Any CPU
		{AC97C4DA-10D8-446D-9226-D49C39F1BFEC}.Release|Any CPU.Build.0 = Release|Any CPU
		{AC97C4DA-10D8-446D-9226-D49C39F1BFEC}.Release|Any CPU.Deploy.0 = Release|Any CPU
		{AC97C4DA-10D8-446D-9226-D49C39F1BFEC}.Release|iPhone.ActiveCfg = Release|Any CPU
		{AC97C4DA-10D8-446D-9226-D49C39F1BFEC}.Release|iPhone.Build.0 = Release|Any CPU
		{AC97C4DA-10D8-446D-9226-D49C39F1BFEC}.Release|iPhone.Deploy.0 = Release|Any CPU
		{AC97C4DA-10D8-446D-9226-D49C39F1BFEC}.Release|iPhoneSimulator.ActiveCfg = Release|Any CPU
		{AC97C4DA-10D8-446D-9226-D49C39F1BFEC}.Release|iPhoneSimulator.Build.0 = Release|Any CPU
		{AC97C4DA-10D8-446D-9226-D49C39F1BFEC}.Release|iPhoneSimulator.Deploy.0 = Release|Any CPU
	EndGlobalSection
	GlobalSection(SolutionProperties) = preSolution
		HideSolutionNode = FALSE
	EndGlobalSection
	GlobalSection(ExtensibilityGlobals) = postSolution
		SolutionGuid = {41374A78-E9AF-4C07-A863-2C264A84D92D}
	EndGlobalSection
EndGlobal
